lockfile_version: '1'
generated_at: '2026-06-03T10:54:38.767665+00:00'
apm_version: 0.16.0
dependencies:
- repo_url: Netcracker/qubership-ai-packages
  host: github.com
  resolved_commit: 3024f029cbc9042d6905037d2fa0a98e7b6e27f2
  resolved_ref: v1.0.1
  virtual_path: agent-packages/english-developer-style
  is_virtual: true
  package_type: apm_package
  deployed_files:
  - .claude/rules/english-developer-style.md
  - .claude/skills/english-developer-style
  - .cursor/rules/english-developer-style.mdc
  - .cursor/skills/english-developer-style
  deployed_file_hashes:
    .claude/rules/english-developer-style.md: sha256:71d5921cbb7e91db77b2ad7403714cc4d8471e3af7a974b850e9831df2ca25b9
    .cursor/rules/english-developer-style.mdc: sha256:981d72b4b97f7b5fb861ea9beb32edef5746c8ed87419abaadc999e14861a6a9
  content_hash: sha256:107dd671a330a3afcb3bcce940afa130f5576c17840cee77d9fcefeb4550c68c
- repo_url: Netcracker/qubership-apihub-ci
  host: github.com
  resolved_commit: 00d6077e267bbd38751b70eba3959509d79941d2
  resolved_ref: apm_migration
  virtual_path: agent-packages/common-conventions
  is_virtual: true
  package_type: apm_package
  deployed_files:
  - .claude/rules/clarify-before-coding.md
  - .cursor/rules/clarify-before-coding.mdc
  deployed_file_hashes:
    .claude/rules/clarify-before-coding.md: sha256:a3e34e5277a4a3fba12fd6f236e921a59c561e6ee82e240eec247861aa8a398c
    .cursor/rules/clarify-before-coding.mdc: sha256:ceb003b39ea330002556d10d3ca52445909bbaf23705ff27f2643705db98c0f4
  content_hash: sha256:a73ff63f83828d3bc3db8d01c4214768a3ee296c76f7077e6157f5464642ae6f
- repo_url: Netcracker/qubership-apihub-ci
  host: github.com
  resolved_commit: 00d6077e267bbd38751b70eba3959509d79941d2
  resolved_ref: apm_migration
  virtual_path: agent-packages/github-ticket-implementation-planner
  is_virtual: true
  package_type: apm_package
  deployed_files:
  - .claude/rules/github-ticket-implementation-planner.md
  - .claude/skills/github-ticket-implementation-planner
  - .cursor/rules/github-ticket-implementation-planner.mdc
  - .cursor/skills/github-ticket-implementation-planner
  deployed_file_hashes:
    .claude/rules/github-ticket-implementation-planner.md: sha256:4e13f07f0749bcfd778fe44899221bff81152ee83a90b74fc7dcfafff838353c
    .cursor/rules/github-ticket-implementation-planner.mdc: sha256:67d9c2440bc50c68b21b1afd6aa25c0a8447db76bfa7c0a7898920a3cf297d20
- repo_url: _local/postman-e2e-authoring
  package_type: apm_package
  deployed_files:
  - .claude/rules/postman-e2e-authoring.md
  - .claude/skills/postman-e2e-authoring
  - .cursor/rules/postman-e2e-authoring.mdc
  - .cursor/skills/postman-e2e-authoring
  deployed_file_hashes:
    .claude/rules/postman-e2e-authoring.md: sha256:0a4bef3a4703bea9d826668f1ba73c39fb39881eba956bbe538222421922b5cf
    .cursor/rules/postman-e2e-authoring.mdc: sha256:32b704dcf38034ad2f96f88a9d0c5bb8340f46d9fa5284f372e1b33a03567a9b
  source: local
  local_path: ./agent-packages/postman-e2e-authoring
